// !$*UTF8*$!
{
	archiveVersion = 1;
	classes = {
	};
	objectVersion = 56;
	objects = {

/* Begin PBXBuildFile section */
		7C070A1B2C20C2FA001924A6 /* AppDelegate.swift in Sources */ = {isa = PBXBuildFile; fileRef = 7C070A1A2C20C2FA001924A6 /* AppDelegate.swift */; };
		7C070A1D2C20C2FA001924A6 /* SceneDelegate.swift in Sources */ = {isa = PBXBuildFile; fileRef = 7C070A1C2C20C2FA001924A6 /* SceneDelegate.swift */; };
		7C070A242C20C2FB001924A6 /* Assets.xcassets in Resources */ = {isa = PBXBuildFile; fileRef = 7C070A232C20C2FB001924A6 /* Assets.xcassets */; };
		7C070A272C20C2FB001924A6 /* LaunchScreen.storyboard in Resources */ = {isa = PBXBuildFile; fileRef = 7C070A252C20C2FB001924A6 /* LaunchScreen.storyboard */; };
		7C070A352C20CB6E001924A6 /* GoogleSignIn in Frameworks */ = {isa = PBXBuildFile; productRef = 7C070A342C20CB6E001924A6 /* GoogleSignIn */; };
		7C070A372C20CB6E001924A6 /* GoogleSignInSwift in Frameworks */ = {isa = PBXBuildFile; productRef = 7C070A362C20CB6E001924A6 /* GoogleSignInSwift */; };
		7C070A3D2C20CD53001924A6 /* AuthViewController.swift in Sources */ = {isa = PBXBuildFile; fileRef = 7C070A3C2C20CD53001924A6 /* AuthViewController.swift */; };
		7C070A412C20CDA1001924A6 /* CustomLoginView.swift in Sources */ = {isa = PBXBuildFile; fileRef = 7C070A402C20CDA1001924A6 /* CustomLoginView.swift */; };
		7C070A442C20CDE4001924A6 /* TextField + Ex.swift in Sources */ = {isa = PBXBuildFile; fileRef = 7C070A432C20CDE4001924A6 /* TextField + Ex.swift */; };
		7C070A462C20CE02001924A6 /* Alert.swift in Sources */ = {isa = PBXBuildFile; fileRef = 7C070A452C20CE02001924A6 /* Alert.swift */; };
		7C070A482C20CE20001924A6 /* AuthVC.swift in Sources */ = {isa = PBXBuildFile; fileRef = 7C070A472C20CE20001924A6 /* AuthVC.swift */; };
		7C070A4A2C20CE72001924A6 /* PasswordResetViewController.swift in Sources */ = {isa = PBXBuildFile; fileRef = 7C070A492C20CE72001924A6 /* PasswordResetViewController.swift */; };
		7C070A4D2C20CEB5001924A6 /* RegistrationForm.swift in Sources */ = {isa = PBXBuildFile; fileRef = 7C070A4C2C20CEB5001924A6 /* RegistrationForm.swift */; };
		7C070A502C20D0BF001924A6 /* FirebaseAuth in Frameworks */ = {isa = PBXBuildFile; productRef = 7C070A4F2C20D0BF001924A6 /* FirebaseAuth */; };
		7C070A522C20D0BF001924A6 /* FirebaseDatabase in Frameworks */ = {isa = PBXBuildFile; productRef = 7C070A512C20D0BF001924A6 /* FirebaseDatabase */; };
		7C070A542C20D0BF001924A6 /* FirebaseDatabaseSwift in Frameworks */ = {isa = PBXBuildFile; productRef = 7C070A532C20D0BF001924A6 /* FirebaseDatabaseSwift */; };
		7C070A562C20D0BF001924A6 /* FirebaseFirestore in Frameworks */ = {isa = PBXBuildFile; productRef = 7C070A552C20D0BF001924A6 /* FirebaseFirestore */; };
		7C070A582C20D0BF001924A6 /* FirebaseFirestoreSwift in Frameworks */ = {isa = PBXBuildFile; productRef = 7C070A572C20D0BF001924A6 /* FirebaseFirestoreSwift */; };
		7C070A5B2C20D1F2001924A6 /* TasksViewController.swift in Sources */ = {isa = PBXBuildFile; fileRef = 7C070A5A2C20D1F2001924A6 /* TasksViewController.swift */; };
		7C070A5F2C20D8A3001924A6 /* GoogleService-Info.plist in Resources */ = {isa = PBXBuildFile; fileRef = 7C070A5E2C20D8A3001924A6 /* GoogleService-Info.plist */; };
		7C070A612C20DD45001924A6 /* GoogleService-Info-3.plist in Resources */ = {isa = PBXBuildFile; fileRef = 7C070A602C20DD45001924A6 /* GoogleService-Info-3.plist */; };
		7CADD05D2C21E743006C198C /* Task.swift in Sources */ = {isa = PBXBuildFile; fileRef = 7CADD05C2C21E743006C198C /* Task.swift */; };
		7CADD05F2C21E779006C198C /* TaskStore.swift in Sources */ = {isa = PBXBuildFile; fileRef = 7CADD05E2C21E779006C198C /* TaskStore.swift */; };
		7CADD0612C21E797006C198C /* TasksUtility.swift in Sources */ = {isa = PBXBuildFile; fileRef = 7CADD0602C21E797006C198C /* TasksUtility.swift */; };
		7CADD0642C21F83D006C198C /* DetailViewController.swift in Sources */ = {isa = PBXBuildFile; fileRef = 7CADD0632C21F83D006C198C /* DetailViewController.swift */; };
/* End PBXBuildFile section */

/* Begin PBXFileReference section */
		7C070A172C20C2FA001924A6 /* myToDoList.app */ = {isa = PBXFileReference; explicitFileType = wrapper.application; includeInIndex = 0; path = myToDoList.app; sourceTree = BUILT_PRODUCTS_DIR; };
		7C070A1A2C20C2FA001924A6 /* AppDelegate.swift */ = {isa = PBXFileReference; lastKnownFileType = sourcecode.swift; path = AppDelegate.swift; sourceTree = "<group>"; };
		7C070A1C2C20C2FA001924A6 /* SceneDelegate.swift */ = {isa = PBXFileReference; lastKnownFileType = sourcecode.swift; path = SceneDelegate.swift; sourceTree = "<group>"; };
		7C070A232C20C2FB001924A6 /* Assets.xcassets */ = {isa = PBXFileReference; lastKnownFileType = folder.assetcatalog; path = Assets.xcassets; sourceTree = "<group>"; };
		7C070A262C20C2FB001924A6 /* Base */ = {isa = PBXFileReference; lastKnownFileType = file.storyboard; name = Base; path = Base.lproj/LaunchScreen.storyboard; sourceTree = "<group>"; };
		7C070A282C20C2FB001924A6 /* Info.plist */ = {isa = PBXFileReference; lastKnownFileType = text.plist.xml; path = Info.plist; sourceTree = "<group>"; };
		7C070A3C2C20CD53001924A6 /* AuthViewController.swift */ = {isa = PBXFileReference; lastKnownFileType = sourcecode.swift; path = AuthViewController.swift; sourceTree = "<group>"; };
		7C070A402C20CDA1001924A6 /* CustomLoginView.swift */ = {isa = PBXFileReference; lastKnownFileType = sourcecode.swift; path = CustomLoginView.swift; sourceTree = "<group>"; };
		7C070A432C20CDE4001924A6 /* TextField + Ex.swift */ = {isa = PBXFileReference; lastKnownFileType = sourcecode.swift; path = "TextField + Ex.swift"; sourceTree = "<group>"; };
		7C070A452C20CE02001924A6 /* Alert.swift */ = {isa = PBXFileReference; lastKnownFileType = sourcecode.swift; path = Alert.swift; sourceTree = "<group>"; };
		7C070A472C20CE20001924A6 /* AuthVC.swift */ = {isa = PBXFileReference; lastKnownFileType = sourcecode.swift; path = AuthVC.swift; sourceTree = "<group>"; };
		7C070A492C20CE72001924A6 /* PasswordResetViewController.swift */ = {isa = PBXFileReference; lastKnownFileType = sourcecode.swift; path = PasswordResetViewController.swift; sourceTree = "<group>"; };
		7C070A4C2C20CEB5001924A6 /* RegistrationForm.swift */ = {isa = PBXFileReference; lastKnownFileType = sourcecode.swift; path = RegistrationForm.swift; sourceTree = "<group>"; };
		7C070A5A2C20D1F2001924A6 /* TasksViewController.swift */ = {isa = PBXFileReference; lastKnownFileType = sourcecode.swift; path = TasksViewController.swift; sourceTree = "<group>"; };
		7C070A5E2C20D8A3001924A6 /* GoogleService-Info.plist */ = {isa = PBXFileReference; fileEncoding = 4; lastKnownFileType = text.plist.xml; path = "GoogleService-Info.plist"; sourceTree = "<group>"; };
		7C070A602C20DD45001924A6 /* GoogleService-Info-3.plist */ = {isa = PBXFileReference; fileEncoding = 4; lastKnownFileType = text.plist.xml; path = "GoogleService-Info-3.plist"; sourceTree = "<group>"; };
		7CADD05C2C21E743006C198C /* Task.swift */ = {isa = PBXFileReference; lastKnownFileType = sourcecode.swift; path = Task.swift; sourceTree = "<group>"; };
		7CADD05E2C21E779006C198C /* TaskStore.swift */ = {isa = PBXFileReference; lastKnownFileType = sourcecode.swift; path = TaskStore.swift; sourceTree = "<group>"; };
		7CADD0602C21E797006C198C /* TasksUtility.swift */ = {isa = PBXFileReference; lastKnownFileType = sourcecode.swift; path = TasksUtility.swift; sourceTree = "<group>"; };
		7CADD0632C21F83D006C198C /* DetailViewController.swift */ = {isa = PBXFileReference; lastKnownFileType = sourcecode.swift; path = DetailViewController.swift; sourceTree = "<group>"; };
/* End PBXFileReference section */

/* Begin PBXFrameworksBuildPhase section */
		7C070A142C20C2FA001924A6 /* Frameworks */ = {
			isa = PBXFrameworksBuildPhase;
			buildActionMask = 2147483647;
			files = (
				7C070A542C20D0BF001924A6 /* FirebaseDatabaseSwift in Frameworks */,
				7C070A352C20CB6E001924A6 /* GoogleSignIn in Frameworks */,
				7C070A502C20D0BF001924A6 /* FirebaseAuth in Frameworks */,
				7C070A582C20D0BF001924A6 /* FirebaseFirestoreSwift in Frameworks */,
				7C070A522C20D0BF001924A6 /* FirebaseDatabase in Frameworks */,
				7C070A372C20CB6E001924A6 /* GoogleSignInSwift in Frameworks */,
				7C070A562C20D0BF001924A6 /* FirebaseFirestore in Frameworks */,
			);
			runOnlyForDeploymentPostprocessing = 0;
		};
/* End PBXFrameworksBuildPhase section */

/* Begin PBXGroup section */
		7C070A0E2C20C2FA001924A6 = {
			isa = PBXGroup;
			children = (
				7C070A192C20C2FA001924A6 /* myToDoList */,
				7C070A182C20C2FA001924A6 /* Products */,
			);
			sourceTree = "<group>";
		};
		7C070A182C20C2FA001924A6 /* Products */ = {
			isa = PBXGroup;
			children = (
				7C070A172C20C2FA001924A6 /* myToDoList.app */,
			);
			name = Products;
			sourceTree = "<group>";
		};
		7C070A192C20C2FA001924A6 /* myToDoList */ = {
			isa = PBXGroup;
			children = (
				7C070A392C20CC08001924A6 /* Sources */,
				7C070A382C20CBC0001924A6 /* Resources */,
			);
			path = myToDoList;
			sourceTree = "<group>";
		};
		7C070A382C20CBC0001924A6 /* Resources */ = {
			isa = PBXGroup;
			children = (
				7C070A232C20C2FB001924A6 /* Assets.xcassets */,
				7C070A5E2C20D8A3001924A6 /* GoogleService-Info.plist */,
				7C070A602C20DD45001924A6 /* GoogleService-Info-3.plist */,
				7C070A252C20C2FB001924A6 /* LaunchScreen.storyboard */,
				7C070A282C20C2FB001924A6 /* Info.plist */,
			);
			path = Resources;
			sourceTree = "<group>";
		};
		7C070A392C20CC08001924A6 /* Sources */ = {
			isa = PBXGroup;
			children = (
				7C070A3A2C20CC72001924A6 /* App */,
				7C070A3B2C20CC85001924A6 /* AuthModul */,
				7C070A592C20D1CF001924A6 /* ToDoModul */,
				7CADD0622C21F820006C198C /* DetailModul */,
				7C070A422C20CDC0001924A6 /* Extensions */,
			);
			path = Sources;
			sourceTree = "<group>";
		};
		7C070A3A2C20CC72001924A6 /* App */ = {
			isa = PBXGroup;
			children = (
				7C070A1A2C20C2FA001924A6 /* AppDelegate.swift */,
				7C070A1C2C20C2FA001924A6 /* SceneDelegate.swift */,
			);
			path = App;
			sourceTree = "<group>";
		};
		7C070A3B2C20CC85001924A6 /* AuthModul */ = {
			isa = PBXGroup;
			children = (
				7C070A4B2C20CE97001924A6 /* Models */,
				7C070A3F2C20CD93001924A6 /* Views */,
				7C070A3E2C20CD65001924A6 /* Controllers */,
			);
			path = AuthModul;
			sourceTree = "<group>";
		};
		7C070A3E2C20CD65001924A6 /* Controllers */ = {
			isa = PBXGroup;
			children = (
				7C070A3C2C20CD53001924A6 /* AuthViewController.swift */,
				7C070A492C20CE72001924A6 /* PasswordResetViewController.swift */,
			);
			path = Controllers;
			sourceTree = "<group>";
		};
		7C070A3F2C20CD93001924A6 /* Views */ = {
			isa = PBXGroup;
			children = (
				7C070A402C20CDA1001924A6 /* CustomLoginView.swift */,
			);
			path = Views;
			sourceTree = "<group>";
		};
		7C070A422C20CDC0001924A6 /* Extensions */ = {
			isa = PBXGroup;
			children = (
				7C070A432C20CDE4001924A6 /* TextField + Ex.swift */,
				7C070A452C20CE02001924A6 /* Alert.swift */,
				7C070A472C20CE20001924A6 /* AuthVC.swift */,
			);
			path = Extensions;
			sourceTree = "<group>";
		};
		7C070A4B2C20CE97001924A6 /* Models */ = {
			isa = PBXGroup;
			children = (
				7C070A4C2C20CEB5001924A6 /* RegistrationForm.swift */,
			);
			path = Models;
			sourceTree = "<group>";
		};
		7C070A592C20D1CF001924A6 /* ToDoModul */ = {
			isa = PBXGroup;
			children = (
				7C070A5A2C20D1F2001924A6 /* TasksViewController.swift */,
				7CADD05E2C21E779006C198C /* TaskStore.swift */,
				7CADD0602C21E797006C198C /* TasksUtility.swift */,
				7CADD05C2C21E743006C198C /* Task.swift */,
			);
			path = ToDoModul;
			sourceTree = "<group>";
		};
		7CADD0622C21F820006C198C /* DetailModul */ = {
			isa = PBXGroup;
			children = (
				7CADD0632C21F83D006C198C /* DetailViewController.swift */,
			);
			path = DetailModul;
			sourceTree = "<group>";
		};
/* End PBXGroup section */

/* Begin PBXNativeTarget section */
		7C070A162C20C2FA001924A6 /* myToDoList */ = {
			isa = PBXNativeTarget;
			buildConfigurationList = 7C070A2B2C20C2FB001924A6 /* Build configuration list for PBXNativeTarget "myToDoList" */;
			buildPhases = (
				7C070A132C20C2FA001924A6 /* Sources */,
				7C070A142C20C2FA001924A6 /* Frameworks */,
				7C070A152C20C2FA001924A6 /* Resources */,
			);
			buildRules = (
			);
			dependencies = (
			);
			name = myToDoList;
			packageProductDependencies = (
				7C070A342C20CB6E001924A6 /* GoogleSignIn */,
				7C070A362C20CB6E001924A6 /* GoogleSignInSwift */,
				7C070A4F2C20D0BF001924A6 /* FirebaseAuth */,
				7C070A512C20D0BF001924A6 /* FirebaseDatabase */,
				7C070A532C20D0BF001924A6 /* FirebaseDatabaseSwift */,
				7C070A552C20D0BF001924A6 /* FirebaseFirestore */,
				7C070A572C20D0BF001924A6 /* FirebaseFirestoreSwift */,
			);
			productName = myToDoList;
			productReference = 7C070A172C20C2FA001924A6 /* myToDoList.app */;
			productType = "com.apple.product-type.application";
		};
/* End PBXNativeTarget section */

/* Begin PBXProject section */
		7C070A0F2C20C2FA001924A6 /* Project object */ = {
			isa = PBXProject;
			attributes = {
				BuildIndependentTargetsInParallel = 1;
				LastSwiftUpdateCheck = 1420;
				LastUpgradeCheck = 1420;
				TargetAttributes = {
					7C070A162C20C2FA001924A6 = {
						CreatedOnToolsVersion = 14.2;
					};
				};
			};
			buildConfigurationList = 7C070A122C20C2FA001924A6 /* Build configuration list for PBXProject "myToDoList" */;
			compatibilityVersion = "Xcode 14.0";
			developmentRegion = en;
			hasScannedForEncodings = 0;
			knownRegions = (
				en,
				Base,
			);
			mainGroup = 7C070A0E2C20C2FA001924A6;
			packageReferences = (
				7C070A332C20CB6E001924A6 /* XCRemoteSwiftPackageReference "GoogleSignIn-iOS" */,
				7C070A4E2C20D0BF001924A6 /* XCRemoteSwiftPackageReference "firebase-ios-sdk" */,
			);
			productRefGroup = 7C070A182C20C2FA001924A6 /* Products */;
			projectDirPath = "";
			projectRoot = "";
			targets = (
				7C070A162C20C2FA001924A6 /* myToDoList */,
			);
		};
/* End PBXProject section */

/* Begin PBXResourcesBuildPhase section */
		7C070A152C20C2FA001924A6 /* Resources */ = {
			isa = PBXResourcesBuildPhase;
			buildActionMask = 2147483647;
			files = (
				7C070A272C20C2FB001924A6 /* LaunchScreen.storyboard in Resources */,
				7C070A242C20C2FB001924A6 /* Assets.xcassets in Resources */,
				7C070A5F2C20D8A3001924A6 /* GoogleService-Info.plist in Resources */,
				7C070A612C20DD45001924A6 /* GoogleService-Info-3.plist in Resources */,
			);
			runOnlyForDeploymentPostprocessing = 0;
		};
/* End PBXResourcesBuildPhase section */

/* Begin PBXSourcesBuildPhase section */
		7C070A132C20C2FA001924A6 /* Sources */ = {
			isa = PBXSourcesBuildPhase;
			buildActionMask = 2147483647;
			files = (
				7C070A462C20CE02001924A6 /* Alert.swift in Sources */,
				7C070A3D2C20CD53001924A6 /* AuthViewController.swift in Sources */,
				7CADD05F2C21E779006C198C /* TaskStore.swift in Sources */,
				7C070A5B2C20D1F2001924A6 /* TasksViewController.swift in Sources */,
				7C070A1B2C20C2FA001924A6 /* AppDelegate.swift in Sources */,
				7CADD05D2C21E743006C198C /* Task.swift in Sources */,
				7C070A4A2C20CE72001924A6 /* PasswordResetViewController.swift in Sources */,
				7C070A1D2C20C2FA001924A6 /* SceneDelegate.swift in Sources */,
				7CADD0612C21E797006C198C /* TasksUtility.swift in Sources */,
				7C070A482C20CE20001924A6 /* AuthVC.swift in Sources */,
				7C070A442C20CDE4001924A6 /* TextField + Ex.swift in Sources */,
				7C070A412C20CDA1001924A6 /* CustomLoginView.swift in Sources */,
				7C070A4D2C20CEB5001924A6 /* RegistrationForm.swift in Sources */,
				7CADD0642C21F83D006C198C /* DetailViewController.swift in Sources */,
			);
			runOnlyForDeploymentPostprocessing = 0;
		};
/* End PBXSourcesBuildPhase section */

/* Begin PBXVariantGroup section */
		7C070A252C20C2FB001924A6 /* LaunchScreen.storyboard */ = {
			isa = PBXVariantGroup;
			children = (
				7C070A262C20C2FB001924A6 /* Base */,
			);
			name = LaunchScreen.storyboard;
			sourceTree = "<group>";
		};
/* End PBXVariantGroup section */

/* Begin XCBuildConfiguration section */
		7C070A292C20C2FB001924A6 /* Debug */ = {
			isa = XCBuildConfiguration;
			buildSettings = {
				ALWAYS_SEARCH_USER_PATHS = NO;
				CLANG_ANALYZER_NONNULL = YES;
				CLANG_ANALYZER_NUMBER_OBJECT_CONVERSION = YES_AGGRESSIVE;
				CLANG_CXX_LANGUAGE_STANDARD = "gnu++20";
				CLANG_ENABLE_MODULES = YES;
				CLANG_ENABLE_OBJC_ARC = YES;
				CLANG_ENABLE_OBJC_WEAK = YES;
				CLANG_WARN_BLOCK_CAPTURE_AUTORELEASING = YES;
				CLANG_WARN_BOOL_CONVERSION = YES;
				CLANG_WARN_COMMA = YES;
				CLANG_WARN_CONSTANT_CONVERSION = YES;
				CLANG_WARN_DEPRECATED_OBJC_IMPLEMENTATIONS = YES;
				CLANG_WARN_DIRECT_OBJC_ISA_USAGE = YES_ERROR;
				CLANG_WARN_DOCUMENTATION_COMMENTS = YES;
				CLANG_WARN_EMPTY_BODY = YES;
				CLANG_WARN_ENUM_CONVERSION = YES;
				CLANG_WARN_INFINITE_RECURSION = YES;
				CLANG_WARN_INT_CONVERSION = YES;
				CLANG_WARN_NON_LITERAL_NULL_CONVERSION = YES;
				CLANG_WARN_OBJC_IMPLICIT_RETAIN_SELF = YES;
				CLANG_WARN_OBJC_LITERAL_CONVERSION = YES;
				CLANG_WARN_OBJC_ROOT_CLASS = YES_ERROR;
				CLANG_WARN_QUOTED_INCLUDE_IN_FRAMEWORK_HEADER = YES;
				CLANG_WARN_RANGE_LOOP_ANALYSIS = YES;
				CLANG_WARN_STRICT_PROTOTYPES = YES;
				CLANG_WARN_SUSPICIOUS_MOVE = YES;
				CLANG_WARN_UNGUARDED_AVAILABILITY = YES_AGGRESSIVE;
				CLANG_WARN_UNREACHABLE_CODE = YES;
				CLANG_WARN__DUPLICATE_METHOD_MATCH = YES;
				COPY_PHASE_STRIP = NO;
				DEBUG_INFORMATION_FORMAT = dwarf;
				ENABLE_STRICT_OBJC_MSGSEND = YES;
				ENABLE_TESTABILITY = YES;
				GCC_C_LANGUAGE_STANDARD = gnu11;
				GCC_DYNAMIC_NO_PIC = NO;
				GCC_NO_COMMON_BLOCKS = YES;
				GCC_OPTIMIZATION_LEVEL = 0;
				GCC_PREPROCESSOR_DEFINITIONS = (
					"DEBUG=1",
					"$(inherited)",
				);
				GCC_WARN_64_TO_32_BIT_CONVERSION = YES;
				GCC_WARN_ABOUT_RETURN_TYPE = YES_ERROR;
				GCC_WARN_UNDECLARED_SELECTOR = YES;
				GCC_WARN_UNINITIALIZED_AUTOS = YES_AGGRESSIVE;
				GCC_WARN_UNUSED_FUNCTION = YES;
				GCC_WARN_UNUSED_VARIABLE = YES;
				IPHONEOS_DEPLOYMENT_TARGET = 16.2;
				MTL_ENABLE_DEBUG_INFO = INCLUDE_SOURCE;
				MTL_FAST_MATH = YES;
				ONLY_ACTIVE_ARCH = YES;
				SDKROOT = iphoneos;
				SWIFT_ACTIVE_COMPILATION_CONDITIONS = DEBUG;
				SWIFT_OPTIMIZATION_LEVEL = "-Onone";
			};
			name = Debug;
		};
		7C070A2A2C20C2FB001924A6 /* Release */ = {
			isa = XCBuildConfiguration;
			buildSettings = {
				ALWAYS_SEARCH_USER_PATHS = NO;
				CLANG_ANALYZER_NONNULL = YES;
				CLANG_ANALYZER_NUMBER_OBJECT_CONVERSION = YES_AGGRESSIVE;
				CLANG_CXX_LANGUAGE_STANDARD = "gnu++20";
				CLANG_ENABLE_MODULES = YES;
				CLANG_ENABLE_OBJC_ARC = YES;
				CLANG_ENABLE_OBJC_WEAK = YES;
				CLANG_WARN_BLOCK_CAPTURE_AUTORELEASING = YES;
				CLANG_WARN_BOOL_CONVERSION = YES;
				CLANG_WARN_COMMA = YES;
				CLANG_WARN_CONSTANT_CONVERSION = YES;
				CLANG_WARN_DEPRECATED_OBJC_IMPLEMENTATIONS = YES;
				CLANG_WARN_DIRECT_OBJC_ISA_USAGE = YES_ERROR;
				CLANG_WARN_DOCUMENTATION_COMMENTS = YES;
				CLANG_WARN_EMPTY_BODY = YES;
				CLANG_WARN_ENUM_CONVERSION = YES;
				CLANG_WARN_INFINITE_RECURSION = YES;
				CLANG_WARN_INT_CONVERSION = YES;
				CLANG_WARN_NON_LITERAL_NULL_CONVERSION = YES;
				CLANG_WARN_OBJC_IMPLICIT_RETAIN_SELF = YES;
				CLANG_WARN_OBJC_LITERAL_CONVERSION = YES;
				CLANG_WARN_OBJC_ROOT_CLASS = YES_ERROR;
				CLANG_WARN_QUOTED_INCLUDE_IN_FRAMEWORK_HEADER = YES;
				CLANG_WARN_RANGE_LOOP_ANALYSIS = YES;
				CLANG_WARN_STRICT_PROTOTYPES = YES;
				CLANG_WARN_SUSPICIOUS_MOVE = YES;
				CLANG_WARN_UNGUARDED_AVAILABILITY = YES_AGGRESSIVE;
				CLANG_WARN_UNREACHABLE_CODE = YES;
				CLANG_WARN__DUPLICATE_METHOD_MATCH = YES;
				COPY_PHASE_STRIP = NO;
				DEBUG_INFORMATION_FORMAT = "dwarf-with-dsym";
				ENABLE_NS_ASSERTIONS = NO;
				ENABLE_STRICT_OBJC_MSGSEND = YES;
				GCC_C_LANGUAGE_STANDARD = gnu11;
				GCC_NO_COMMON_BLOCKS = YES;
				GCC_WARN_64_TO_32_BIT_CONVERSION = YES;
				GCC_WARN_ABOUT_RETURN_TYPE = YES_ERROR;
				GCC_WARN_UNDECLARED_SELECTOR = YES;
				GCC_WARN_UNINITIALIZED_AUTOS = YES_AGGRESSIVE;
				GCC_WARN_UNUSED_FUNCTION = YES;
				GCC_WARN_UNUSED_VARIABLE = YES;
				IPHONEOS_DEPLOYMENT_TARGET = 16.2;
				MTL_ENABLE_DEBUG_INFO = NO;
				MTL_FAST_MATH = YES;
				SDKROOT = iphoneos;
				SWIFT_COMPILATION_MODE = wholemodule;
				SWIFT_OPTIMIZATION_LEVEL = "-O";
				VALIDATE_PRODUCT = YES;
			};
			name = Release;
		};
		7C070A2C2C20C2FB001924A6 /* Debug */ = {
			isa = XCBuildConfiguration;
			buildSettings = {
				ASSETCATALOG_COMPILER_APPICON_NAME = AppIcon;
				ASSETCATALOG_COMPILER_GLOBAL_ACCENT_COLOR_NAME = AccentColor;
				CODE_SIGN_STYLE = Automatic;
				CURRENT_PROJECT_VERSION = 1;
				DEVELOPMENT_TEAM = HH9D8WXQ67;
				GENERATE_INFOPLIST_FILE = YES;
				INFOPLIST_FILE = myToDoList/Resources/Info.plist;
				INFOPLIST_KEY_UIApplicationSupportsIndirectInputEvents = YES;
				INFOPLIST_KEY_UILaunchStoryboardName = LaunchScreen;
				INFOPLIST_KEY_UISupportedInterfaceOrientations = UIInterfaceOrientationPortrait;
				INFOPLIST_KEY_UISupportedInterfaceOrientations_iPad = "UIInterfaceOrientationLandscapeLeft UIInterfaceOrientationLandscapeRight UIInterfaceOrientationPortrait UIInterfaceOrientationPortraitUpsideDown";
				LD_RUNPATH_SEARCH_PATHS = (
					"$(inherited)",
					"@executable_path/Frameworks",
				);
				MARKETING_VERSION = 1.0;
				PRODUCT_BUNDLE_IDENTIFIER = ru.sonyigorevna.myToDoList;
				PRODUCT_NAME = "$(TARGET_NAME)";
				SUPPORTED_PLATFORMS = "iphoneos iphonesimulator";
				SUPPORTS_MACCATALYST = NO;
				SUPPORTS_MAC_DESIGNED_FOR_IPHONE_IPAD = NO;
				SWIFT_EMIT_LOC_STRINGS = YES;
				SWIFT_VERSION = 5.0;
				TARGETED_DEVICE_FAMILY = 1;
			};
			name = Debug;
		};
		7C070A2D2C20C2FB001924A6 /* Release */ = {
			isa = XCBuildConfiguration;
			buildSettings = {
				ASSETCATALOG_COMPILER_APPICON_NAME = AppIcon;
				ASSETCATALOG_COMPILER_GLOBAL_ACCENT_COLOR_NAME = AccentColor;
				CODE_SIGN_STYLE = Automatic;
				CURRENT_PROJECT_VERSION = 1;
				DEVELOPMENT_TEAM = HH9D8WXQ67;
				GENERATE_INFOPLIST_FILE = YES;
				INFOPLIST_FILE = myToDoList/Resources/Info.plist;
				INFOPLIST_KEY_UIApplicationSupportsIndirectInputEvents = YES;
				INFOPLIST_KEY_UILaunchStoryboardName = LaunchScreen;
				INFOPLIST_KEY_UISupportedInterfaceOrientations = UIInterfaceOrientationPortrait;
				INFOPLIST_KEY_UISupportedInterfaceOrientations_iPad = "UIInterfaceOrientationLandscapeLeft UIInterfaceOrientationLandscapeRight UIInterfaceOrientationPortrait UIInterfaceOrientationPortraitUpsideDown";
				LD_RUNPATH_SEARCH_PATHS = (
					"$(inherited)",
					"@executable_path/Frameworks",
				);
				MARKETING_VERSION = 1.0;
				PRODUCT_BUNDLE_IDENTIFIER = ru.sonyigorevna.myToDoList;
				PRODUCT_NAME = "$(TARGET_NAME)";
				SUPPORTED_PLATFORMS = "iphoneos iphonesimulator";
				SUPPORTS_MACCATALYST = NO;
				SUPPORTS_MAC_DESIGNED_FOR_IPHONE_IPAD = NO;
				SWIFT_EMIT_LOC_STRINGS = YES;
				SWIFT_VERSION = 5.0;
				TARGETED_DEVICE_FAMILY = 1;
			};
			name = Release;
		};
/* End XCBuildConfiguration section */

/* Begin XCConfigurationList section */
		7C070A122C20C2FA001924A6 /* Build configuration list for PBXProject "myToDoList" */ = {
			isa = XCConfigurationList;
			buildConfigurations = (
				7C070A292C20C2FB001924A6 /* Debug */,
				7C070A2A2C20C2FB001924A6 /* Release */,
			);
			defaultConfigurationIsVisible = 0;
			defaultConfigurationName = Release;
		};
		7C070A2B2C20C2FB001924A6 /* Build configuration list for PBXNativeTarget "myToDoList" */ = {
			isa = XCConfigurationList;
			buildConfigurations = (
				7C070A2C2C20C2FB001924A6 /* Debug */,
				7C070A2D2C20C2FB001924A6 /* Release */,
			);
			defaultConfigurationIsVisible = 0;
			defaultConfigurationName = Release;
		};
/* End XCConfigurationList section */

/* Begin XCRemoteSwiftPackageReference section */
		7C070A332C20CB6E001924A6 /* XCRemoteSwiftPackageReference "GoogleSignIn-iOS" */ = {
			isa = XCRemoteSwiftPackageReference;
			repositoryURL = "https://github.com/google/GoogleSignIn-iOS";
			requirement = {
				kind = versionRange;
				maximumVersion = 8.0.0;
				minimumVersion = 7.0.0;
			};
		};
		7C070A4E2C20D0BF001924A6 /* XCRemoteSwiftPackageReference "firebase-ios-sdk" */ = {
			isa = XCRemoteSwiftPackageReference;
			repositoryURL = "https://github.com/firebase/firebase-ios-sdk";
			requirement = {
				branch = main;
				kind = branch;
			};
		};
/* End XCRemoteSwiftPackageReference section */

/* Begin XCSwiftPackageProductDependency section */
		7C070A342C20CB6E001924A6 /* GoogleSignIn */ = {
			isa = XCSwiftPackageProductDependency;
			package = 7C070A332C20CB6E001924A6 /* XCRemoteSwiftPackageReference "GoogleSignIn-iOS" */;
			productName = GoogleSignIn;
		};
		7C070A362C20CB6E001924A6 /* GoogleSignInSwift */ = {
			isa = XCSwiftPackageProductDependency;
			package = 7C070A332C20CB6E001924A6 /* XCRemoteSwiftPackageReference "GoogleSignIn-iOS" */;
			productName = GoogleSignInSwift;
		};
		7C070A4F2C20D0BF001924A6 /* FirebaseAuth */ = {
			isa = XCSwiftPackageProductDependency;
			package = 7C070A4E2C20D0BF001924A6 /* XCRemoteSwiftPackageReference "firebase-ios-sdk" */;
			productName = FirebaseAuth;
		};
		7C070A512C20D0BF001924A6 /* FirebaseDatabase */ = {
			isa = XCSwiftPackageProductDependency;
			package = 7C070A4E2C20D0BF001924A6 /* XCRemoteSwiftPackageReference "firebase-ios-sdk" */;
			productName = FirebaseDatabase;
		};
		7C070A532C20D0BF001924A6 /* FirebaseDatabaseSwift */ = {
			isa = XCSwiftPackageProductDependency;
			package = 7C070A4E2C20D0BF001924A6 /* XCRemoteSwiftPackageReference "firebase-ios-sdk" */;
			productName = FirebaseDatabaseSwift;
		};
		7C070A552C20D0BF001924A6 /* FirebaseFirestore */ = {
			isa = XCSwiftPackageProductDependency;
			package = 7C070A4E2C20D0BF001924A6 /* XCRemoteSwiftPackageReference "firebase-ios-sdk" */;
			productName = FirebaseFirestore;
		};
		7C070A572C20D0BF001924A6 /* FirebaseFirestoreSwift */ = {
			isa = XCSwiftPackageProductDependency;
			package = 7C070A4E2C20D0BF001924A6 /* XCRemoteSwiftPackageReference "firebase-ios-sdk" */;
			productName = FirebaseFirestoreSwift;
		};
/* End XCSwiftPackageProductDependency section */
	};
	rootObject = 7C070A0F2C20C2FA001924A6 /* Project object */;
}
